
Microsoft Visual Studio Solution File, Format Version 12.00
# Visual Studio 15
VisualStudioVersion = 15.0.28307.539
MinimumVisualStudioVersion = 10.0.40219.1
Project("{FAE04EC0-301F-11D3-BF4B-00C04F79EFBC}") = "ReconocimientoDeVoz", "ReconocimientoDeVoz\ReconocimientoDeVoz.csproj", "{61CFF563-473A-43C2-9AEF-14EEE80A4F5F}"
EndProject
Global
	GlobalSection(SolutionConfigurationPlatforms) = preSolution
		Debug|Any CPU = Debug|Any CPU
		Release|Any CPU = Release|Any CPU
	EndGlobalSection
	GlobalSection(ProjectConfigurationPlatforms) = postSolution
		{61CFF563-473A-43C2-9AEF-14EEE80A4F5F}.Debug|Any CPU.ActiveCfg = Debug|Any CPU
		{61CFF563-473A-43C2-9AEF-14EEE80A4F5F}.Debug|Any CPU.Build.0 = Debug|Any CPU
		{61CFF563-473A-43C2-9AEF-14EEE80A4F5F}.Release|Any CPU.ActiveCfg = Release|Any CPU
		{61CFF563-473A-43C2-9AEF-14EEE80A4F5F}.Release|Any CPU.Build.0 = Release|Any CPU
	EndGlobalSection
	GlobalSection(SolutionProperties) = preSolution
		HideSolutionNode = FALSE
	EndGlobalSection
	GlobalSection(ExtensibilityGlobals) = postSolution
		SolutionGuid = {8DDB1FC9-063E-4D8F-871E-F18B50A4633B}
	EndGlobalSection
EndGlobal
